// !$*UTF8*$!
{
	archiveVersion = 1;
	classes = {
	};
	objectVersion = 50;
	objects = {

/* Begin PBXBuildFile section */
		E0EC9AF826ABA84F00B558AA /* CoreDataProjectApp.swift in Sources */ = {isa = PBXBuildFile; fileRef = E0EC9AF726ABA84F00B558AA /* CoreDataProjectApp.swift */; };
		E0EC9AFA26ABA84F00B558AA /* ContentView.swift in Sources */ = {isa = PBXBuildFile; fileRef = E0EC9AF926ABA84F00B558AA /* ContentView.swift */; };
		E0EC9AFC26ABA85000B558AA /* Assets.xcassets in Resources */ = {isa = PBXBuildFile; fileRef = E0EC9AFB26ABA85000B558AA /* Assets.xcassets */; };
		E0EC9AFF26ABA85000B558AA /* Preview Assets.xcassets in Resources */ = {isa = PBXBuildFile; fileRef = E0EC9AFE26ABA85000B558AA /* Preview Assets.xcassets */; };
		E0EC9B0126ABA85000B558AA /* Persistence.swift in Sources */ = {isa = PBXBuildFile; fileRef = E0EC9B0026ABA85000B558AA /* Persistence.swift */; };
		E0EC9B0426ABA85000B558AA /* CoreDataProject.xcdatamodeld in Sources */ = {isa = PBXBuildFile; fileRef = E0EC9B0226ABA85000B558AA /* CoreDataProject.xcdatamodeld */; };
		E0EC9B0D26ABAB1600B558AA /* Movie+CoreDataClass.swift in Sources */ = {isa = PBXBuildFile; fileRef = E0EC9B0B26ABAB1600B558AA /* Movie+CoreDataClass.swift */; };
		E0EC9B0E26ABAB1600B558AA /* Movie+CoreDataProperties.swift in Sources */ = {isa = PBXBuildFile; fileRef = E0EC9B0C26ABAB1600B558AA /* Movie+CoreDataProperties.swift */; };
		E0EC9B1026ABAF7B00B558AA /* Wizards.swift in Sources */ = {isa = PBXBuildFile; fileRef = E0EC9B0F26ABAF7B00B558AA /* Wizards.swift */; };
		E0EC9B1226ABB25600B558AA /* Ships.swift in Sources */ = {isa = PBXBuildFile; fileRef = E0EC9B1126ABB25600B558AA /* Ships.swift */; };
		E0EC9B1526ABB2C500B558AA /* Singer+CoreDataClass.swift in Sources */ = {isa = PBXBuildFile; fileRef = E0EC9B1326ABB2C500B558AA /* Singer+CoreDataClass.swift */; };
		E0EC9B1626ABB2C500B558AA /* Singer+CoreDataProperties.swift in Sources */ = {isa = PBXBuildFile; fileRef = E0EC9B1426ABB2C500B558AA /* Singer+CoreDataProperties.swift */; };
		E0EC9B1826ABB3B900B558AA /* FilteredList.swift in Sources */ = {isa = PBXBuildFile; fileRef = E0EC9B1726ABB3B900B558AA /* FilteredList.swift */; };
		E0EC9B1A26ABB79800B558AA /* Singers.swift in Sources */ = {isa = PBXBuildFile; fileRef = E0EC9B1926ABB79800B558AA /* Singers.swift */; };
		E0EC9B1F26ABB8CE00B558AA /* Country+CoreDataClass.swift in Sources */ = {isa = PBXBuildFile; fileRef = E0EC9B1B26ABB8CE00B558AA /* Country+CoreDataClass.swift */; };
		E0EC9B2026ABB8CE00B558AA /* Country+CoreDataProperties.swift in Sources */ = {isa = PBXBuildFile; fileRef = E0EC9B1C26ABB8CE00B558AA /* Country+CoreDataProperties.swift */; };
		E0EC9B2126ABB8CE00B558AA /* Candy+CoreDataClass.swift in Sources */ = {isa = PBXBuildFile; fileRef = E0EC9B1D26ABB8CE00B558AA /* Candy+CoreDataClass.swift */; };
		E0EC9B2226ABB8CE00B558AA /* Candy+CoreDataProperties.swift in Sources */ = {isa = PBXBuildFile; fileRef = E0EC9B1E26ABB8CE00B558AA /* Candy+CoreDataProperties.swift */; };
/* End PBXBuildFile section */

/* Begin PBXFileReference section */
		E0EC9AF426ABA84F00B558AA /* CoreDataProject.app */ = {isa = PBXFileReference; explicitFileType = wrapper.application; includeInIndex = 0; path = CoreDataProject.app; sourceTree = BUILT_PRODUCTS_DIR; };
		E0EC9AF726ABA84F00B558AA /* CoreDataProjectApp.swift */ = {isa = PBXFileReference; lastKnownFileType = sourcecode.swift; path = CoreDataProjectApp.swift; sourceTree = "<group>"; };
		E0EC9AF926ABA84F00B558AA /* ContentView.swift */ = {isa = PBXFileReference; lastKnownFileType = sourcecode.swift; path = ContentView.swift; sourceTree = "<group>"; };
		E0EC9AFB26ABA85000B558AA /* Assets.xcassets */ = {isa = PBXFileReference; lastKnownFileType = folder.assetcatalog; path = Assets.xcassets; sourceTree = "<group>"; };
		E0EC9AFE26ABA85000B558AA /* Preview Assets.xcassets */ = {isa = PBXFileReference; lastKnownFileType = folder.assetcatalog; path = "Preview Assets.xcassets"; sourceTree = "<group>"; };
		E0EC9B0026ABA85000B558AA /* Persistence.swift */ = {isa = PBXFileReference; lastKnownFileType = sourcecode.swift; path = Persistence.swift; sourceTree = "<group>"; };
		E0EC9B0326ABA85000B558AA /* CoreDataProject.xcdatamodel */ = {isa = PBXFileReference; lastKnownFileType = wrapper.xcdatamodel; path = CoreDataProject.xcdatamodel; sourceTree = "<group>"; };
		E0EC9B0526ABA85000B558AA /* Info.plist */ = {isa = PBXFileReference; lastKnownFileType = text.plist.xml; path = Info.plist; sourceTree = "<group>"; };
		E0EC9B0B26ABAB1600B558AA /* Movie+CoreDataClass.swift */ = {isa = PBXFileReference; lastKnownFileType = sourcecode.swift; path = "Movie+CoreDataClass.swift"; sourceTree = "<group>"; };
		E0EC9B0C26ABAB1600B558AA /* Movie+CoreDataProperties.swift */ = {isa = PBXFileReference; lastKnownFileType = sourcecode.swift; path = "Movie+CoreDataProperties.swift"; sourceTree = "<group>"; };
		E0EC9B0F26ABAF7B00B558AA /* Wizards.swift */ = {isa = PBXFileReference; lastKnownFileType = sourcecode.swift; path = Wizards.swift; sourceTree = "<group>"; };
		E0EC9B1126ABB25600B558AA /* Ships.swift */ = {isa = PBXFileReference; lastKnownFileType = sourcecode.swift; path = Ships.swift; sourceTree = "<group>"; };
		E0EC9B1326ABB2C500B558AA /* Singer+CoreDataClass.swift */ = {isa = PBXFileReference; lastKnownFileType = sourcecode.swift; path = "Singer+CoreDataClass.swift"; sourceTree = "<group>"; };
		E0EC9B1426ABB2C500B558AA /* Singer+CoreDataProperties.swift */ = {isa = PBXFileReference; lastKnownFileType = sourcecode.swift; path = "Singer+CoreDataProperties.swift"; sourceTree = "<group>"; };
		E0EC9B1726ABB3B900B558AA /* FilteredList.swift */ = {isa = PBXFileReference; lastKnownFileType = sourcecode.swift; path = FilteredList.swift; sourceTree = "<group>"; };
		E0EC9B1926ABB79800B558AA /* Singers.swift */ = {isa = PBXFileReference; lastKnownFileType = sourcecode.swift; path = Singers.swift; sourceTree = "<group>"; };
		E0EC9B1B26ABB8CE00B558AA /* Country+CoreDataClass.swift */ = {isa = PBXFileReference; lastKnownFileType = sourcecode.swift; path = "Country+CoreDataClass.swift"; sourceTree = "<group>"; };
		E0EC9B1C26ABB8CE00B558AA /* Country+CoreDataProperties.swift */ = {isa = PBXFileReference; lastKnownFileType = sourcecode.swift; path = "Country+CoreDataProperties.swift"; sourceTree = "<group>"; };
		E0EC9B1D26ABB8CE00B558AA /* Candy+CoreDataClass.swift */ = {isa = PBXFileReference; lastKnownFileType = sourcecode.swift; path = "Candy+CoreDataClass.swift"; sourceTree = "<group>"; };
		E0EC9B1E26ABB8CE00B558AA /* Candy+CoreDataProperties.swift */ = {isa = PBXFileReference; lastKnownFileType = sourcecode.swift; path = "Candy+CoreDataProperties.swift"; sourceTree = "<group>"; };
/* End PBXFileReference section */

/* Begin PBXFrameworksBuildPhase section */
		E0EC9AF126ABA84F00B558AA /* Frameworks */ = {
			isa = PBXFrameworksBuildPhase;
			buildActionMask = 2147483647;
			files = (
			);
			runOnlyForDeploymentPostprocessing = 0;
		};
/* End PBXFrameworksBuildPhase section */

/* Begin PBXGroup section */
		E0EC9AEB26ABA84F00B558AA = {
			isa = PBXGroup;
			children = (
				E0EC9AF626ABA84F00B558AA /* CoreDataProject */,
				E0EC9AF526ABA84F00B558AA /* Products */,
			);
			sourceTree = "<group>";
		};
		E0EC9AF526ABA84F00B558AA /* Products */ = {
			isa = PBXGroup;
			children = (
				E0EC9AF426ABA84F00B558AA /* CoreDataProject.app */,
			);
			name = Products;
			sourceTree = "<group>";
		};
		E0EC9AF626ABA84F00B558AA /* CoreDataProject */ = {
			isa = PBXGroup;
			children = (
				E0EC9B2326ABB8DA00B558AA /* models */,
				E0EC9AF726ABA84F00B558AA /* CoreDataProjectApp.swift */,
				E0EC9AF926ABA84F00B558AA /* ContentView.swift */,
				E0EC9AFB26ABA85000B558AA /* Assets.xcassets */,
				E0EC9B0026ABA85000B558AA /* Persistence.swift */,
				E0EC9B0526ABA85000B558AA /* Info.plist */,
				E0EC9B0226ABA85000B558AA /* CoreDataProject.xcdatamodeld */,
				E0EC9AFD26ABA85000B558AA /* Preview Content */,
				E0EC9B0F26ABAF7B00B558AA /* Wizards.swift */,
				E0EC9B1126ABB25600B558AA /* Ships.swift */,
				E0EC9B1726ABB3B900B558AA /* FilteredList.swift */,
				E0EC9B1926ABB79800B558AA /* Singers.swift */,
			);
			path = CoreDataProject;
			sourceTree = "<group>";
		};
		E0EC9AFD26ABA85000B558AA /* Preview Content */ = {
			isa = PBXGroup;
			children = (
				E0EC9AFE26ABA85000B558AA /* Preview Assets.xcassets */,
			);
			path = "Preview Content";
			sourceTree = "<group>";
		};
		E0EC9B2326ABB8DA00B558AA /* models */ = {
			isa = PBXGroup;
			children = (
				E0EC9B1B26ABB8CE00B558AA /* Country+CoreDataClass.swift */,
				E0EC9B1C26ABB8CE00B558AA /* Country+CoreDataProperties.swift */,
				E0EC9B1D26ABB8CE00B558AA /* Candy+CoreDataClass.swift */,
				E0EC9B1E26ABB8CE00B558AA /* Candy+CoreDataProperties.swift */,
				E0EC9B1326ABB2C500B558AA /* Singer+CoreDataClass.swift */,
				E0EC9B1426ABB2C500B558AA /* Singer+CoreDataProperties.swift */,
				E0EC9B0B26ABAB1600B558AA /* Movie+CoreDataClass.swift */,
				E0EC9B0C26ABAB1600B558AA /* Movie+CoreDataProperties.swift */,
			);
			path = models;
			sourceTree = "<group>";
		};
/* End PBXGroup section */

/* Begin PBXNativeTarget section */
		E0EC9AF326ABA84F00B558AA /* CoreDataProject */ = {
			isa = PBXNativeTarget;
			buildConfigurationList = E0EC9B0826ABA85000B558AA /* Build configuration list for PBXNativeTarget "CoreDataProject" */;
			buildPhases = (
				E0EC9AF026ABA84F00B558AA /* Sources */,
				E0EC9AF126ABA84F00B558AA /* Frameworks */,
				E0EC9AF226ABA84F00B558AA /* Resources */,
			);
			buildRules = (
			);
			dependencies = (
			);
			name = CoreDataProject;
			productName = CoreDataProject;
			productReference = E0EC9AF426ABA84F00B558AA /* CoreDataProject.app */;
			productType = "com.apple.product-type.application";
		};
/* End PBXNativeTarget section */

/* Begin PBXProject section */
		E0EC9AEC26ABA84F00B558AA /* Project object */ = {
			isa = PBXProject;
			attributes = {
				LastSwiftUpdateCheck = 1250;
				LastUpgradeCheck = 1250;
				TargetAttributes = {
					E0EC9AF326ABA84F00B558AA = {
						CreatedOnToolsVersion = 12.5.1;
					};
				};
			};
			buildConfigurationList = E0EC9AEF26ABA84F00B558AA /* Build configuration list for PBXProject "CoreDataProject" */;
			compatibilityVersion = "Xcode 9.3";
			developmentRegion = en;
			hasScannedForEncodings = 0;
			knownRegions = (
				en,
				Base,
			);
			mainGroup = E0EC9AEB26ABA84F00B558AA;
			productRefGroup = E0EC9AF526ABA84F00B558AA /* Products */;
			projectDirPath = "";
			projectRoot = "";
			targets = (
				E0EC9AF326ABA84F00B558AA /* CoreDataProject */,
			);
		};
/* End PBXProject section */

/* Begin PBXResourcesBuildPhase section */
		E0EC9AF226ABA84F00B558AA /* Resources */ = {
			isa = PBXResourcesBuildPhase;
			buildActionMask = 2147483647;
			files = (
				E0EC9AFF26ABA85000B558AA /* Preview Assets.xcassets in Resources */,
				E0EC9AFC26ABA85000B558AA /* Assets.xcassets in Resources */,
			);
			runOnlyForDeploymentPostprocessing = 0;
		};
/* End PBXResourcesBuildPhase section */

/* Begin PBXSourcesBuildPhase section */
		E0EC9AF026ABA84F00B558AA /* Sources */ = {
			isa = PBXSourcesBuildPhase;
			buildActionMask = 2147483647;
			files = (
				E0EC9B1026ABAF7B00B558AA /* Wizards.swift in Sources */,
				E0EC9B0126ABA85000B558AA /* Persistence.swift in Sources */,
				E0EC9B2026ABB8CE00B558AA /* Country+CoreDataProperties.swift in Sources */,
				E0EC9B2226ABB8CE00B558AA /* Candy+CoreDataProperties.swift in Sources */,
				E0EC9B1526ABB2C500B558AA /* Singer+CoreDataClass.swift in Sources */,
				E0EC9B1A26ABB79800B558AA /* Singers.swift in Sources */,
				E0EC9AFA26ABA84F00B558AA /* ContentView.swift in Sources */,
				E0EC9B0426ABA85000B558AA /* CoreDataProject.xcdatamodeld in Sources */,
				E0EC9B1F26ABB8CE00B558AA /* Country+CoreDataClass.swift in Sources */,
				E0EC9B1626ABB2C500B558AA /* Singer+CoreDataProperties.swift in Sources */,
				E0EC9B1826ABB3B900B558AA /* FilteredList.swift in Sources */,
				E0EC9B0D26ABAB1600B558AA /* Movie+CoreDataClass.swift in Sources */,
				E0EC9B2126ABB8CE00B558AA /* Candy+CoreDataClass.swift in Sources */,
				E0EC9B1226ABB25600B558AA /* Ships.swift in Sources */,
				E0EC9B0E26ABAB1600B558AA /* Movie+CoreDataProperties.swift in Sources */,
				E0EC9AF826ABA84F00B558AA /* CoreDataProjectApp.swift in Sources */,
			);
			runOnlyForDeploymentPostprocessing = 0;
		};
/* End PBXSourcesBuildPhase section */

/* Begin XCBuildConfiguration section */
		E0EC9B0626ABA85000B558AA /* Debug */ = {
			isa = XCBuildConfiguration;
			buildSettings = {
				ALWAYS_SEARCH_USER_PATHS = NO;
				CLANG_ANALYZER_NONNULL = YES;
				CLANG_ANALYZER_NUMBER_OBJECT_CONVERSION = YES_AGGRESSIVE;
				CLANG_CXX_LANGUAGE_STANDARD = "gnu++14";
				CLANG_CXX_LIBRARY = "libc++";
				CLANG_ENABLE_MODULES = YES;
				CLANG_ENABLE_OBJC_ARC = YES;
				CLANG_ENABLE_OBJC_WEAK = YES;
				CLANG_WARN_BLOCK_CAPTURE_AUTORELEASING = YES;
				CLANG_WARN_BOOL_CONVERSION = YES;
				CLANG_WARN_COMMA = YES;
				CLANG_WARN_CONSTANT_CONVERSION = YES;
				CLANG_WARN_DEPRECATED_OBJC_IMPLEMENTATIONS = YES;
				CLANG_WARN_DIRECT_OBJC_ISA_USAGE = YES_ERROR;
				CLANG_WARN_DOCUMENTATION_COMMENTS = YES;
				CLANG_WARN_EMPTY_BODY = YES;
				CLANG_WARN_ENUM_CONVERSION = YES;
				CLANG_WARN_INFINITE_RECURSION = YES;
				CLANG_WARN_INT_CONVERSION = YES;
				CLANG_WARN_NON_LITERAL_NULL_CONVERSION = YES;
				CLANG_WARN_OBJC_IMPLICIT_RETAIN_SELF = YES;
				CLANG_WARN_OBJC_LITERAL_CONVERSION = YES;
				CLANG_WARN_OBJC_ROOT_CLASS = YES_ERROR;
				CLANG_WARN_QUOTED_INCLUDE_IN_FRAMEWORK_HEADER = YES;
				CLANG_WARN_RANGE_LOOP_ANALYSIS = YES;
				CLANG_WARN_STRICT_PROTOTYPES = YES;
				CLANG_WARN_SUSPICIOUS_MOVE = YES;
				CLANG_WARN_UNGUARDED_AVAILABILITY = YES_AGGRESSIVE;
				CLANG_WARN_UNREACHABLE_CODE = YES;
				CLANG_WARN__DUPLICATE_METHOD_MATCH = YES;
				COPY_PHASE_STRIP = NO;
				DEBUG_INFORMATION_FORMAT = dwarf;
				ENABLE_STRICT_OBJC_MSGSEND = YES;
				ENABLE_TESTABILITY = YES;
				GCC_C_LANGUAGE_STANDARD = gnu11;
				GCC_DYNAMIC_NO_PIC = NO;
				GCC_NO_COMMON_BLOCKS = YES;
				GCC_OPTIMIZATION_LEVEL = 0;
				GCC_PREPROCESSOR_DEFINITIONS = (
					"DEBUG=1",
					"$(inherited)",
				);
				GCC_WARN_64_TO_32_BIT_CONVERSION = YES;
				GCC_WARN_ABOUT_RETURN_TYPE = YES_ERROR;
				GCC_WARN_UNDECLARED_SELECTOR = YES;
				GCC_WARN_UNINITIALIZED_AUTOS = YES_AGGRESSIVE;
				GCC_WARN_UNUSED_FUNCTION = YES;
				GCC_WARN_UNUSED_VARIABLE = YES;
				IPHONEOS_DEPLOYMENT_TARGET = 14.5;
				MTL_ENABLE_DEBUG_INFO = INCLUDE_SOURCE;
				MTL_FAST_MATH = YES;
				ONLY_ACTIVE_ARCH = YES;
				SDKROOT = iphoneos;
				SWIFT_ACTIVE_COMPILATION_CONDITIONS = DEBUG;
				SWIFT_OPTIMIZATION_LEVEL = "-Onone";
			};
			name = Debug;
		};
		E0EC9B0726ABA85000B558AA /* Release */ = {
			isa = XCBuildConfiguration;
			buildSettings = {
				ALWAYS_SEARCH_USER_PATHS = NO;
				CLANG_ANALYZER_NONNULL = YES;
				CLANG_ANALYZER_NUMBER_OBJECT_CONVERSION = YES_AGGRESSIVE;
				CLANG_CXX_LANGUAGE_STANDARD = "gnu++14";
				CLANG_CXX_LIBRARY = "libc++";
				CLANG_ENABLE_MODULES = YES;
				CLANG_ENABLE_OBJC_ARC = YES;
				CLANG_ENABLE_OBJC_WEAK = YES;
				CLANG_WARN_BLOCK_CAPTURE_AUTORELEASING = YES;
				CLANG_WARN_BOOL_CONVERSION = YES;
				CLANG_WARN_COMMA = YES;
				CLANG_WARN_CONSTANT_CONVERSION = YES;
				CLANG_WARN_DEPRECATED_OBJC_IMPLEMENTATIONS = YES;
				CLANG_WARN_DIRECT_OBJC_ISA_USAGE = YES_ERROR;
				CLANG_WARN_DOCUMENTATION_COMMENTS = YES;
				CLANG_WARN_EMPTY_BODY = YES;
				CLANG_WARN_ENUM_CONVERSION = YES;
				CLANG_WARN_INFINITE_RECURSION = YES;
				CLANG_WARN_INT_CONVERSION = YES;
				CLANG_WARN_NON_LITERAL_NULL_CONVERSION = YES;
				CLANG_WARN_OBJC_IMPLICIT_RETAIN_SELF = YES;
				CLANG_WARN_OBJC_LITERAL_CONVERSION = YES;
				CLANG_WARN_OBJC_ROOT_CLASS = YES_ERROR;
				CLANG_WARN_QUOTED_INCLUDE_IN_FRAMEWORK_HEADER = YES;
				CLANG_WARN_RANGE_LOOP_ANALYSIS = YES;
				CLANG_WARN_STRICT_PROTOTYPES = YES;
				CLANG_WARN_SUSPICIOUS_MOVE = YES;
				CLANG_WARN_UNGUARDED_AVAILABILITY = YES_AGGRESSIVE;
				CLANG_WARN_UNREACHABLE_CODE = YES;
				CLANG_WARN__DUPLICATE_METHOD_MATCH = YES;
				COPY_PHASE_STRIP = NO;
				DEBUG_INFORMATION_FORMAT = "dwarf-with-dsym";
				ENABLE_NS_ASSERTIONS = NO;
				ENABLE_STRICT_OBJC_MSGSEND = YES;
				GCC_C_LANGUAGE_STANDARD = gnu11;
				GCC_NO_COMMON_BLOCKS = YES;
				GCC_WARN_64_TO_32_BIT_CONVERSION = YES;
				GCC_WARN_ABOUT_RETURN_TYPE = YES_ERROR;
				GCC_WARN_UNDECLARED_SELECTOR = YES;
				GCC_WARN_UNINITIALIZED_AUTOS = YES_AGGRESSIVE;
				GCC_WARN_UNUSED_FUNCTION = YES;
				GCC_WARN_UNUSED_VARIABLE = YES;
				IPHONEOS_DEPLOYMENT_TARGET = 14.5;
				MTL_ENABLE_DEBUG_INFO = NO;
				MTL_FAST_MATH = YES;
				SDKROOT = iphoneos;
				SWIFT_COMPILATION_MODE = wholemodule;
				SWIFT_OPTIMIZATION_LEVEL = "-O";
				VALIDATE_PRODUCT = YES;
			};
			name = Release;
		};
		E0EC9B0926ABA85000B558AA /* Debug */ = {
			isa = XCBuildConfiguration;
			buildSettings = {
				ASSETCATALOG_COMPILER_APPICON_NAME = AppIcon;
				ASSETCATALOG_COMPILER_GLOBAL_ACCENT_COLOR_NAME = AccentColor;
				CODE_SIGN_STYLE = Automatic;
				DEVELOPMENT_ASSET_PATHS = "\"CoreDataProject/Preview Content\"";
				ENABLE_PREVIEWS = YES;
				INFOPLIST_FILE = CoreDataProject/Info.plist;
				IPHONEOS_DEPLOYMENT_TARGET = 14.0;
				LD_RUNPATH_SEARCH_PATHS = (
					"$(inherited)",
					"@executable_path/Frameworks",
				);
				PRODUCT_BUNDLE_IDENTIFIER = thoiberg.CoreDataProject;
				PRODUCT_NAME = "$(TARGET_NAME)";
				SWIFT_VERSION = 5.0;
				TARGETED_DEVICE_FAMILY = "1,2";
			};
			name = Debug;
		};
		E0EC9B0A26ABA85000B558AA /* Release */ = {
			isa = XCBuildConfiguration;
			buildSettings = {
				ASSETCATALOG_COMPILER_APPICON_NAME = AppIcon;
				ASSETCATALOG_COMPILER_GLOBAL_ACCENT_COLOR_NAME = AccentColor;
				CODE_SIGN_STYLE = Automatic;
				DEVELOPMENT_ASSET_PATHS = "\"CoreDataProject/Preview Content\"";
				ENABLE_PREVIEWS = YES;
				INFOPLIST_FILE = CoreDataProject/Info.plist;
				IPHONEOS_DEPLOYMENT_TARGET = 14.0;
				LD_RUNPATH_SEARCH_PATHS = (
					"$(inherited)",
					"@executable_path/Frameworks",
				);
				PRODUCT_BUNDLE_IDENTIFIER = thoiberg.CoreDataProject;
				PRODUCT_NAME = "$(TARGET_NAME)";
				SWIFT_VERSION = 5.0;
				TARGETED_DEVICE_FAMILY = "1,2";
			};
			name = Release;
		};
/* End XCBuildConfiguration section */

/* Begin XCConfigurationList section */
		E0EC9AEF26ABA84F00B558AA /* Build configuration list for PBXProject "CoreDataProject" */ = {
			isa = XCConfigurationList;
			buildConfigurations = (
				E0EC9B0626ABA85000B558AA /* Debug */,
				E0EC9B0726ABA85000B558AA /* Release */,
			);
			defaultConfigurationIsVisible = 0;
			defaultConfigurationName = Release;
		};
		E0EC9B0826ABA85000B558AA /* Build configuration list for PBXNativeTarget "CoreDataProject" */ = {
			isa = XCConfigurationList;
			buildConfigurations = (
				E0EC9B0926ABA85000B558AA /* Debug */,
				E0EC9B0A26ABA85000B558AA /* Release */,
			);
			defaultConfigurationIsVisible = 0;
			defaultConfigurationName = Release;
		};
/* End XCConfigurationList section */

/* Begin XCVersionGroup section */
		E0EC9B0226ABA85000B558AA /* CoreDataProject.xcdatamodeld */ = {
			isa = XCVersionGroup;
			children = (
				E0EC9B0326ABA85000B558AA /* CoreDataProject.xcdatamodel */,
			);
			currentVersion = E0EC9B0326ABA85000B558AA /* CoreDataProject.xcdatamodel */;
			path = CoreDataProject.xcdatamodeld;
			sourceTree = "<group>";
			versionGroupType = wrapper.xcdatamodel;
		};
/* End XCVersionGroup section */
	};
	rootObject = E0EC9AEC26ABA84F00B558AA /* Project object */;
}
